
Microsoft Visual Studio Solution File, Format Version 12.00
# Visual Studio Version 17
VisualStudioVersion = 17.14.36414.22
MinimumVisualStudioVersion = 10.0.40219.1
Project("{FAE04EC0-301F-11D3-BF4B-00C04F79EFBC}") = "Hilerrøds sejle", "Hilerrøds sejle\Hilerrøds sejle.csproj", "{80B9479A-7198-4F53-8C46-976FFD5163BB}"
EndProject
Global
	GlobalSection(SolutionConfigurationPlatforms) = preSolution
		Debug|Any CPU = Debug|Any CPU
		Release|Any CPU = Release|Any CPU
	EndGlobalSection
	GlobalSection(ProjectConfigurationPlatforms) = postSolution
		{80B9479A-7198-4F53-8C46-976FFD5163BB}.Debug|Any CPU.ActiveCfg = Debug|Any CPU
		{80B9479A-7198-4F53-8C46-976FFD5163BB}.Debug|Any CPU.Build.0 = Debug|Any CPU
		{80B9479A-7198-4F53-8C46-976FFD5163BB}.Release|Any CPU.ActiveCfg = Release|Any CPU
		{80B9479A-7198-4F53-8C46-976FFD5163BB}.Release|Any CPU.Build.0 = Release|Any CPU
	EndGlobalSection
	GlobalSection(SolutionProperties) = preSolution
		HideSolutionNode = FALSE
	EndGlobalSection
	GlobalSection(ExtensibilityGlobals) = postSolution
		SolutionGuid = {CE2AEFE3-7D65-4CFF-9F9A-AB95DC3A6C99}
	EndGlobalSection
EndGlobal
